
Microsoft Visual Studio Solution File, Format Version 12.00
# Visual Studio Version 17
VisualStudioVersion = 17.6.33829.357
MinimumVisualStudioVersion = 10.0.40219.1
Project("{9A19103F-16F7-4668-BE54-9A1E7A4F7556}") = "ConsoleApp3", "ConsoleApp3.csproj", "{10853CD7-E179-4CDF-B023-37B8AFF325AE}"
EndProject
Project("{FAE04EC0-301F-11D3-BF4B-00C04F79EFBC}") = "ClassLibrary1", "..\ClassLibrary1\ClassLibrary1.csproj", "{FEFE2CC6-A81D-4093-9C92-60CBA1DE5D43}"
EndProject
Global
	GlobalSection(SolutionConfigurationPlatforms) = preSolution
		Debug|Any CPU = Debug|Any CPU
		Release|Any CPU = Release|Any CPU
	EndGlobalSection
	GlobalSection(ProjectConfigurationPlatforms) = postSolution
		{10853CD7-E179-4CDF-B023-37B8AFF325AE}.Debug|Any CPU.ActiveCfg = Debug|Any CPU
		{10853CD7-E179-4CDF-B023-37B8AFF325AE}.Debug|Any CPU.Build.0 = Debug|Any CPU
		{10853CD7-E179-4CDF-B023-37B8AFF325AE}.Release|Any CPU.ActiveCfg = Release|Any CPU
		{10853CD7-E179-4CDF-B023-37B8AFF325AE}.Release|Any CPU.Build.0 = Release|Any CPU
		{FEFE2CC6-A81D-4093-9C92-60CBA1DE5D43}.Debug|Any CPU.ActiveCfg = Debug|Any CPU
		{FEFE2CC6-A81D-4093-9C92-60CBA1DE5D43}.Debug|Any CPU.Build.0 = Debug|Any CPU
		{FEFE2CC6-A81D-4093-9C92-60CBA1DE5D43}.Release|Any CPU.ActiveCfg = Release|Any CPU
		{FEFE2CC6-A81D-4093-9C92-60CBA1DE5D43}.Release|Any CPU.Build.0 = Release|Any CPU
	EndGlobalSection
	GlobalSection(SolutionProperties) = preSolution
		HideSolutionNode = FALSE
	EndGlobalSection
	GlobalSection(ExtensibilityGlobals) = postSolution
		SolutionGuid = {C3C103EC-16B6-489E-8F5C-DCDD3F431596}
	EndGlobalSection
EndGlobal
